
Microsoft Visual Studio Solution File, Format Version 12.00
# Visual Studio 14
VisualStudioVersion = 14.0.25420.1
MinimumVisualStudioVersion = 10.0.40219.1
Project("{FAE04EC0-301F-11D3-BF4B-00C04F79EFBC}") = "FertilizerPlantWindowClient", "FertilizerPlant\FertilizerPlantWindowClient.csproj", "{819E0402-86EA-4C7B-ACA0-ECC2BBF0BE65}"
EndProject
Project("{FAE04EC0-301F-11D3-BF4B-00C04F79EFBC}") = "SerialIO", "SerialIO\SerialIO.csproj", "{4CEB30A9-AEB1-4A8B-A9D4-7B57C8F505AE}"
EndProject
Project("{FAE04EC0-301F-11D3-BF4B-00C04F79EFBC}") = "ProductManagementService", "ProductManagementService\ProductManagementService.csproj", "{FDA64AA8-62C8-40D1-9186-E4A64F67CE98}"
EndProject
Project("{FAE04EC0-301F-11D3-BF4B-00C04F79EFBC}") = "Core", "Core\Core.csproj", "{95A241F8-DEB4-4F80-ADC6-F03CCA2C3400}"
EndProject
Project("{FAE04EC0-301F-11D3-BF4B-00C04F79EFBC}") = "QrCodeManagementService", "QrCodeManagementService\QrCodeManagementService.csproj", "{8FB84A77-7FD4-4F20-B910-3448B5E77741}"
EndProject
Project("{FAE04EC0-301F-11D3-BF4B-00C04F79EFBC}") = "UserManagementService", "UserManagementService\UserManagementService.csproj", "{B11ED71D-DD79-41DD-AD59-D8D942D3730D}"
EndProject
Project("{FAE04EC0-301F-11D3-BF4B-00C04F79EFBC}") = "FertilizerPlantWindowsTest", "FertilizerPlantWindowsTest\FertilizerPlantWindowsTest.csproj", "{0FB62F33-4C31-439A-869A-4D84A3D4CA52}"
EndProject
Global
	GlobalSection(SolutionConfigurationPlatforms) = preSolution
		Debug|Any CPU = Debug|Any CPU
		Release|Any CPU = Release|Any CPU
	EndGlobalSection
	GlobalSection(ProjectConfigurationPlatforms) = postSolution
		{819E0402-86EA-4C7B-ACA0-ECC2BBF0BE65}.Debug|Any CPU.ActiveCfg = Debug|Any CPU
		{819E0402-86EA-4C7B-ACA0-ECC2BBF0BE65}.Debug|Any CPU.Build.0 = Debug|Any CPU
		{819E0402-86EA-4C7B-ACA0-ECC2BBF0BE65}.Release|Any CPU.ActiveCfg = Release|Any CPU
		{819E0402-86EA-4C7B-ACA0-ECC2BBF0BE65}.Release|Any CPU.Build.0 = Release|Any CPU
		{4CEB30A9-AEB1-4A8B-A9D4-7B57C8F505AE}.Debug|Any CPU.ActiveCfg = Debug|Any CPU
		{4CEB30A9-AEB1-4A8B-A9D4-7B57C8F505AE}.Debug|Any CPU.Build.0 = Debug|Any CPU
		{4CEB30A9-AEB1-4A8B-A9D4-7B57C8F505AE}.Release|Any CPU.ActiveCfg = Release|Any CPU
		{4CEB30A9-AEB1-4A8B-A9D4-7B57C8F505AE}.Release|Any CPU.Build.0 = Release|Any CPU
		{FDA64AA8-62C8-40D1-9186-E4A64F67CE98}.Debug|Any CPU.ActiveCfg = Debug|Any CPU
		{FDA64AA8-62C8-40D1-9186-E4A64F67CE98}.Debug|Any CPU.Build.0 = Debug|Any CPU
		{FDA64AA8-62C8-40D1-9186-E4A64F67CE98}.Release|Any CPU.ActiveCfg = Release|Any CPU
		{FDA64AA8-62C8-40D1-9186-E4A64F67CE98}.Release|Any CPU.Build.0 = Release|Any CPU
		{95A241F8-DEB4-4F80-ADC6-F03CCA2C3400}.Debug|Any CPU.ActiveCfg = Debug|Any CPU
		{95A241F8-DEB4-4F80-ADC6-F03CCA2C3400}.Debug|Any CPU.Build.0 = Debug|Any CPU
		{95A241F8-DEB4-4F80-ADC6-F03CCA2C3400}.Release|Any CPU.ActiveCfg = Release|Any CPU
		{95A241F8-DEB4-4F80-ADC6-F03CCA2C3400}.Release|Any CPU.Build.0 = Release|Any CPU
		{8FB84A77-7FD4-4F20-B910-3448B5E77741}.Debug|Any CPU.ActiveCfg = Debug|Any CPU
		{8FB84A77-7FD4-4F20-B910-3448B5E77741}.Debug|Any CPU.Build.0 = Debug|Any CPU
		{8FB84A77-7FD4-4F20-B910-3448B5E77741}.Release|Any CPU.ActiveCfg = Release|Any CPU
		{8FB84A77-7FD4-4F20-B910-3448B5E77741}.Release|Any CPU.Build.0 = Release|Any CPU
		{B11ED71D-DD79-41DD-AD59-D8D942D3730D}.Debug|Any CPU.ActiveCfg = Debug|Any CPU
		{B11ED71D-DD79-41DD-AD59-D8D942D3730D}.Debug|Any CPU.Build.0 = Debug|Any CPU
		{B11ED71D-DD79-41DD-AD59-D8D942D3730D}.Release|Any CPU.ActiveCfg = Release|Any CPU
		{B11ED71D-DD79-41DD-AD59-D8D942D3730D}.Release|Any CPU.Build.0 = Release|Any CPU
		{0FB62F33-4C31-439A-869A-4D84A3D4CA52}.Debug|Any CPU.ActiveCfg = Debug|Any CPU
		{0FB62F33-4C31-439A-869A-4D84A3D4CA52}.Debug|Any CPU.Build.0 = Debug|Any CPU
		{0FB62F33-4C31-439A-869A-4D84A3D4CA52}.Release|Any CPU.ActiveCfg = Release|Any CPU
		{0FB62F33-4C31-439A-869A-4D84A3D4CA52}.Release|Any CPU.Build.0 = Release|Any CPU
	EndGlobalSection
	GlobalSection(SolutionProperties) = preSolution
		HideSolutionNode = FALSE
	EndGlobalSection
EndGlobal
